
Microsoft Visual Studio Solution File, Format Version 12.00
# Visual Studio 14
VisualStudioVersion = 14.0.25420.1
MinimumVisualStudioVersion = 10.0.40219.1
Project("{FAE04EC0-301F-11D3-BF4B-00C04F79EFBC}") = "Allsoft.BarCode.JC.Print", "Allsoft.BarCode.JC.Print\Allsoft.BarCode.JC.Print.csproj", "{7848A58D-6035-4988-8C1D-C4176B26F523}"
EndProject
Project("{FAE04EC0-301F-11D3-BF4B-00C04F79EFBC}") = "Allsoft.BarCode.JC.Basic", "Allsoft.BarCode.JC.Basic\Allsoft.BarCode.JC.Basic.csproj", "{12BD1B83-0CB4-413B-96B9-767FBF0C8066}"
EndProject
Project("{FAE04EC0-301F-11D3-BF4B-00C04F79EFBC}") = "BaseForm", "BaseForm\BaseForm.csproj", "{6D011695-D065-4E5F-B12E-5A5E6B065EB4}"
EndProject
Global
	GlobalSection(SolutionConfigurationPlatforms) = preSolution
		Debug|Any CPU = Debug|Any CPU
		Debug|Mixed Platforms = Debug|Mixed Platforms
		Debug|x86 = Debug|x86
		Release|Any CPU = Release|Any CPU
		Release|Mixed Platforms = Release|Mixed Platforms
		Release|x86 = Release|x86
	EndGlobalSection
	GlobalSection(ProjectConfigurationPlatforms) = postSolution
		{7848A58D-6035-4988-8C1D-C4176B26F523}.Debug|Any CPU.ActiveCfg = Debug|Any CPU
		{7848A58D-6035-4988-8C1D-C4176B26F523}.Debug|Any CPU.Build.0 = Debug|Any CPU
		{7848A58D-6035-4988-8C1D-C4176B26F523}.Debug|Mixed Platforms.ActiveCfg = Debug|Any CPU
		{7848A58D-6035-4988-8C1D-C4176B26F523}.Debug|Mixed Platforms.Build.0 = Debug|Any CPU
		{7848A58D-6035-4988-8C1D-C4176B26F523}.Debug|x86.ActiveCfg = Debug|Any CPU
		{7848A58D-6035-4988-8C1D-C4176B26F523}.Release|Any CPU.ActiveCfg = Release|Any CPU
		{7848A58D-6035-4988-8C1D-C4176B26F523}.Release|Any CPU.Build.0 = Release|Any CPU
		{7848A58D-6035-4988-8C1D-C4176B26F523}.Release|Mixed Platforms.ActiveCfg = Release|Any CPU
		{7848A58D-6035-4988-8C1D-C4176B26F523}.Release|Mixed Platforms.Build.0 = Release|Any CPU
		{7848A58D-6035-4988-8C1D-C4176B26F523}.Release|x86.ActiveCfg = Release|Any CPU
		{12BD1B83-0CB4-413B-96B9-767FBF0C8066}.Debug|Any CPU.ActiveCfg = Debug|Any CPU
		{12BD1B83-0CB4-413B-96B9-767FBF0C8066}.Debug|Any CPU.Build.0 = Debug|Any CPU
		{12BD1B83-0CB4-413B-96B9-767FBF0C8066}.Debug|Mixed Platforms.ActiveCfg = Debug|Any CPU
		{12BD1B83-0CB4-413B-96B9-767FBF0C8066}.Debug|Mixed Platforms.Build.0 = Debug|Any CPU
		{12BD1B83-0CB4-413B-96B9-767FBF0C8066}.Debug|x86.ActiveCfg = Debug|Any CPU
		{12BD1B83-0CB4-413B-96B9-767FBF0C8066}.Release|Any CPU.ActiveCfg = Release|Any CPU
		{12BD1B83-0CB4-413B-96B9-767FBF0C8066}.Release|Any CPU.Build.0 = Release|Any CPU
		{12BD1B83-0CB4-413B-96B9-767FBF0C8066}.Release|Mixed Platforms.ActiveCfg = Release|Any CPU
		{12BD1B83-0CB4-413B-96B9-767FBF0C8066}.Release|Mixed Platforms.Build.0 = Release|Any CPU
		{12BD1B83-0CB4-413B-96B9-767FBF0C8066}.Release|x86.ActiveCfg = Release|Any CPU
		{6D011695-D065-4E5F-B12E-5A5E6B065EB4}.Debug|Any CPU.ActiveCfg = Debug|Any CPU
		{6D011695-D065-4E5F-B12E-5A5E6B065EB4}.Debug|Any CPU.Build.0 = Debug|Any CPU
		{6D011695-D065-4E5F-B12E-5A5E6B065EB4}.Debug|Mixed Platforms.ActiveCfg = Debug|Any CPU
		{6D011695-D065-4E5F-B12E-5A5E6B065EB4}.Debug|Mixed Platforms.Build.0 = Debug|Any CPU
		{6D011695-D065-4E5F-B12E-5A5E6B065EB4}.Debug|x86.ActiveCfg = Debug|Any CPU
		{6D011695-D065-4E5F-B12E-5A5E6B065EB4}.Debug|x86.Build.0 = Debug|Any CPU
		{6D011695-D065-4E5F-B12E-5A5E6B065EB4}.Release|Any CPU.ActiveCfg = Release|Any CPU
		{6D011695-D065-4E5F-B12E-5A5E6B065EB4}.Release|Any CPU.Build.0 = Release|Any CPU
		{6D011695-D065-4E5F-B12E-5A5E6B065EB4}.Release|Mixed Platforms.ActiveCfg = Release|Any CPU
		{6D011695-D065-4E5F-B12E-5A5E6B065EB4}.Release|Mixed Platforms.Build.0 = Release|Any CPU
		{6D011695-D065-4E5F-B12E-5A5E6B065EB4}.Release|x86.ActiveCfg = Release|Any CPU
		{6D011695-D065-4E5F-B12E-5A5E6B065EB4}.Release|x86.Build.0 = Release|Any CPU
	EndGlobalSection
	GlobalSection(SolutionProperties) = preSolution
		HideSolutionNode = FALSE
	EndGlobalSection
EndGlobal
